
Microsoft Visual Studio Solution File, Format Version 12.00
# Visual Studio Version 16
VisualStudioVersion = 16.0.32228.343
MinimumVisualStudioVersion = 10.0.40219.1
Project("{FAE04EC0-301F-11D3-BF4B-00C04F79EFBC}") = "TestCleverence", "TestCleverence\TestCleverence.csproj", "{2DE6F0FA-4A58-4F1B-B968-54E551E517CE}"
EndProject
Global
	GlobalSection(SolutionConfigurationPlatforms) = preSolution
		Debug|Any CPU = Debug|Any CPU
		Release|Any CPU = Release|Any CPU
	EndGlobalSection
	GlobalSection(ProjectConfigurationPlatforms) = postSolution
		{2DE6F0FA-4A58-4F1B-B968-54E551E517CE}.Debug|Any CPU.ActiveCfg = Debug|Any CPU
		{2DE6F0FA-4A58-4F1B-B968-54E551E517CE}.Debug|Any CPU.Build.0 = Debug|Any CPU
		{2DE6F0FA-4A58-4F1B-B968-54E551E517CE}.Release|Any CPU.ActiveCfg = Release|Any CPU
		{2DE6F0FA-4A58-4F1B-B968-54E551E517CE}.Release|Any CPU.Build.0 = Release|Any CPU
	EndGlobalSection
	GlobalSection(SolutionProperties) = preSolution
		HideSolutionNode = FALSE
	EndGlobalSection
	GlobalSection(ExtensibilityGlobals) = postSolution
		SolutionGuid = {A3CA5FA7-D3B7-4F17-99A2-6A679672088E}
	EndGlobalSection
EndGlobal
